{
  "_comment": "Single-commit ancestry pin. All bin-* services share one monorepo lineage.",
  "pin_strategy": "ancestry-based single commit",
  "target_commit": "36a0dbad65ee6b1d0000054167aaa5e0ad06566f",
  "target_commit_desc": "NOJIRA-Storage-manager-graceful-signing-degradation (#1149) (2026-07-31)",
  "dbscheme_monorepo_commit": "36a0dbad65ee6b1d0000054167aaa5e0ad06566f",
  "generated": "2026-07-30T20:11:56.919080Z",
  "generated_by": "scripts/generate-versions-lock.sh",
  "images": {
    "voipbin/bin-agent-manager": "sha256:e8ad4a92080b9066c92cee0b37e8d6523e7eb0c0d9e91a56462daad989eb577a",
    "voipbin/bin-ai-manager": "sha256:103790280a5325cee19b03cb0a2c1e9eced7fe344aef0251c3602e4e052da788",
    "voipbin/bin-api-manager": "sha256:78d7613ff7dff2d68f68ed03d61324b737457420a34c3b9c579427152e133451",
    "voipbin/bin-billing-manager": "sha256:2a3b6beefc6dbc12ae9b8e2d6d5d8b193e63ca682b0f5de212f185a2f22e65ff",
    "voipbin/bin-call-manager": "sha256:3bd42db5afd4d731e69bee32618c192269860879f67d9ffb0c0243d3c78be662",
    "voipbin/bin-campaign-manager": "sha256:04fab6f1537c91521532d5c441550904da404eae7536011f4750d363e398b2c3",
    "voipbin/bin-conference-manager": "sha256:55cecdaf5444411d4616fd329fdd2236bbcbe8947362a1e6d08504aa488a5f03",
    "voipbin/bin-contact-manager": "sha256:20e3db36791b230cc1ae45492c70968ffb99eab79aa63aca0a81ca0e5675ace2",
    "voipbin/bin-conversation-manager": "sha256:dda940aff4806729d3369179efb3a231eab98235079009dba9280530d04e218a",
    "voipbin/bin-customer-manager": "sha256:5bb2ca86c727b8d3973961d6c0f9b48bd7c65b9797c1af6b4e55951d9648a00e",
    "voipbin/bin-direct-manager": "sha256:0989576dc3d1b834bb28c118f7cc827bdd2c3be388466391741699e086388e18",
    "voipbin/bin-email-manager": "sha256:78da882731a95bf67356d03aff4106eb5df815bf8d6ce4a62147b71829ae9d2c",
    "voipbin/bin-flow-manager": "sha256:5135fc17e329582d813bb9ca1a91218f51c0c8baaab5519aaebd2a8b3ff8208a",
    "voipbin/bin-hook-manager": "sha256:415da7a9918609931b631cf28f902dfb1fc1074e7144aca8a2d4bd35f831b581",
    "voipbin/bin-message-manager": "sha256:ec71646817fef2776c25cf8ada50bd3fd075a538383c802f78c6ba9d9f81e472",
    "voipbin/bin-number-manager": "sha256:b620d8777bfe75c0533d88d1996dab5031863076c86ed7f7d5e5938c924cb7eb",
    "voipbin/bin-outdial-manager": "sha256:477996bea4b3c3eaaa385bd597c6919c987ec3cf594ccc4ce7b5eb856f32182a",
    "voipbin/bin-pipecat-manager": "sha256:d9c63b41a95c0e04da10ee9edda47bb380e97025cb8ba4471433daaad973c673",
    "voipbin/bin-queue-manager": "sha256:f2947cdb33d6381c47668dcad1d9c6fe068643f2bf7fa3638cba3b47f69ef878",
    "voipbin/bin-rag-manager": "sha256:3c6ef59fc40dfa116a93aec91dfcfb4c8215f43d652c3dbac04359645f024037",
    "voipbin/bin-registrar-manager": "sha256:a7db3b1898f338b95a1a61bdcec16c7f81ac9d3859374d1f15595ef8c45fef3f",
    "voipbin/bin-route-manager": "sha256:8d0266731cec209927757e2cdd27c3ed7b840e0f294334a68f1c1ffe661e0c35",
    "voipbin/bin-sentinel-manager": "sha256:39c0242c27e96e0079133f2ecb7413aa8bfcd1611ada68248d58be40f16519dc",
    "voipbin/bin-storage-manager": "sha256:e6d7eb76e09b48c7be8712b98554d75e3ad034fecf7118456e7bb462863cc6d5",
    "voipbin/bin-tag-manager": "sha256:2bdfccf05364bffdbefde6245c9e4497e6221cb39a514f5dd34ae99d308a5186",
    "voipbin/bin-talk-manager": "sha256:432a81af548a707fc07611aeb90d61850cc732b174ebcf8c90de20125aef4c35",
    "voipbin/bin-timeline-manager": "sha256:510a05c600325232186851eca22ed5979d323d94d92f8f2fcf8314c836ab2b4f",
    "voipbin/bin-transcribe-manager": "sha256:0b52887f5a8da61887a9b75db98a2758c3b4cf34edc3f47a2a06bcb88a31e2dc",
    "voipbin/bin-transfer-manager": "sha256:431036a97e6e21d18e5f80f14cc3610e7f44e047b0c67ea5e3c443098f0a2c10",
    "voipbin/bin-tts-manager": "sha256:2cc11f846390a1d8bbef33e499d8eb4d631e1ae77537b15d9fba6158164d9a85",
    "voipbin/bin-webchat-manager": "sha256:1c7c72725e285bd7e441242be411cc8e286d37faf0688ae1247e74619fa0361d",
    "voipbin/bin-webhook-manager": "sha256:dacb4137b0c767685a2e40ada6d5775dbbf04a2196e157262a33a53501a5aedb",
    "voipbin/square-admin": "sha256:7d669682dee77925f765d4171332b58a5d1ce8d8c3633b46069556222f1f4eed",
    "voipbin/square-meet": "sha256:56ccd44d7cabc0c02724d17b39c2bc2c9e8e5fd1dd94365076ee8247821d6c8c",
    "voipbin/square-talk": "sha256:e3f7f6be89a02576b50093ce7ca1c8d0730626bae717e0c943af82794991a252",
    "voipbin/voip-asterisk-call": "sha256:b32ac7a4f52381b13906d3e60f1acd32b52ef709bcb701452418b9f68d52c8f1",
    "voipbin/voip-asterisk-conference": "sha256:9373e55da26ae4da02250543e94a5d1918e3cc7bda197c98ed712c21919a6780",
    "voipbin/voip-asterisk-proxy": "sha256:915d57bce9e239c4f7488e914e30f05acb167152f958752896d02d3425ddf67d",
    "voipbin/voip-asterisk-registrar": "sha256:8e008c0704c9eee46e2675e69cbc9766fd1f5bdaebd58ecd029a2a135ea42466",
    "voipbin/voip-kamailio": "sha256:68657d319fa71169e0709f9712467a6916f76c02be7f5c10028737fc78fcee93",
    "voipbin/voip-rtpengine": "sha256:795adc2c6232af184267e6d4fc21ce87c32c285333a27273885ebe4a32c508de"
  },
  "image_source_tags": {
    "voipbin/bin-agent-manager": "8124994d241b08ce0f803b97478ebac925b6b7dc",
    "voipbin/bin-ai-manager": "fd5d8bfa797acb77f7cd780afd8ace4b39c404cc",
    "voipbin/bin-api-manager": "8124994d241b08ce0f803b97478ebac925b6b7dc",
    "voipbin/bin-billing-manager": "8124994d241b08ce0f803b97478ebac925b6b7dc",
    "voipbin/bin-call-manager": "0e7c6c3c38d3b8b5ea2d04d98e622ede9fcf698e",
    "voipbin/bin-campaign-manager": "8124994d241b08ce0f803b97478ebac925b6b7dc",
    "voipbin/bin-conference-manager": "8124994d241b08ce0f803b97478ebac925b6b7dc",
    "voipbin/bin-contact-manager": "8124994d241b08ce0f803b97478ebac925b6b7dc",
    "voipbin/bin-conversation-manager": "8124994d241b08ce0f803b97478ebac925b6b7dc",
    "voipbin/bin-customer-manager": "8124994d241b08ce0f803b97478ebac925b6b7dc",
    "voipbin/bin-direct-manager": "8124994d241b08ce0f803b97478ebac925b6b7dc",
    "voipbin/bin-email-manager": "8124994d241b08ce0f803b97478ebac925b6b7dc",
    "voipbin/bin-flow-manager": "8124994d241b08ce0f803b97478ebac925b6b7dc",
    "voipbin/bin-hook-manager": "8124994d241b08ce0f803b97478ebac925b6b7dc",
    "voipbin/bin-message-manager": "8124994d241b08ce0f803b97478ebac925b6b7dc",
    "voipbin/bin-number-manager": "8124994d241b08ce0f803b97478ebac925b6b7dc",
    "voipbin/bin-outdial-manager": "8124994d241b08ce0f803b97478ebac925b6b7dc",
    "voipbin/bin-pipecat-manager": "fd5d8bfa797acb77f7cd780afd8ace4b39c404cc",
    "voipbin/bin-queue-manager": "8124994d241b08ce0f803b97478ebac925b6b7dc",
    "voipbin/bin-rag-manager": "8124994d241b08ce0f803b97478ebac925b6b7dc",
    "voipbin/bin-registrar-manager": "8124994d241b08ce0f803b97478ebac925b6b7dc",
    "voipbin/bin-route-manager": "8124994d241b08ce0f803b97478ebac925b6b7dc",
    "voipbin/bin-sentinel-manager": "8124994d241b08ce0f803b97478ebac925b6b7dc",
    "voipbin/bin-storage-manager": "36a0dbad65ee6b1d0000054167aaa5e0ad06566f",
    "voipbin/bin-tag-manager": "8124994d241b08ce0f803b97478ebac925b6b7dc",
    "voipbin/bin-talk-manager": "8124994d241b08ce0f803b97478ebac925b6b7dc",
    "voipbin/bin-timeline-manager": "36a0dbad65ee6b1d0000054167aaa5e0ad06566f",
    "voipbin/bin-transcribe-manager": "0e7c6c3c38d3b8b5ea2d04d98e622ede9fcf698e",
    "voipbin/bin-transfer-manager": "8124994d241b08ce0f803b97478ebac925b6b7dc",
    "voipbin/bin-tts-manager": "8124994d241b08ce0f803b97478ebac925b6b7dc",
    "voipbin/bin-webchat-manager": "8124994d241b08ce0f803b97478ebac925b6b7dc",
    "voipbin/bin-webhook-manager": "8124994d241b08ce0f803b97478ebac925b6b7dc",
    "voipbin/square-admin": "fc883fd9d4dd033997ff6217fd72624ee734e5c2",
    "voipbin/square-meet": "8f15d5b48f47aa3f3e491a6ee044e0543c1874d0",
    "voipbin/square-talk": "2825980a9efe9d5598dcfd434c29ed2f0f8a3e20",
    "voipbin/voip-asterisk-call": "3f3e54bf6b6a99ff7a8f1e6beb8992cf7560a548",
    "voipbin/voip-asterisk-conference": "3f3e54bf6b6a99ff7a8f1e6beb8992cf7560a548",
    "voipbin/voip-asterisk-proxy": "8124994d241b08ce0f803b97478ebac925b6b7dc",
    "voipbin/voip-asterisk-registrar": "3f3e54bf6b6a99ff7a8f1e6beb8992cf7560a548",
    "voipbin/voip-kamailio": "8119b7a99acda936fe515ac8e729fa35f343abce",
    "voipbin/voip-rtpengine": "f585f6a3639fcd47a32c81c6bb891764c978ab74"
  },
  "note_separate_repos": [
    "square-*",
    "voip-* (asterisk/kamailio/rtpengine) are built from separate repos; pinned by timestamp proximity to 2026-02-20, not monorepo ancestry"
  ]
}
