{
  "_comment": "Single-commit ancestry pin. All bin-* services share one monorepo lineage.",
  "pin_strategy": "ancestry-based single commit",
  "target_commit": "0ce70d7d3a0df3c49af817d6c2c14e6a9b2f7f9b",
  "target_commit_desc": "race-fix merge #561 (2026-02-21), superset of rabbitmq-fix be435a157",
  "dbscheme_monorepo_commit": "0ce70d7d3a0df3c49af817d6c2c14e6a9b2f7f9b",
  "generated": "2026-06-23T21:52:50.627114Z",
  "images": {
    "voipbin/bin-agent-manager": "sha256:3df69949cd56bbe4460adc83e61c21ae673342ae814c9a672dce24ce90032522",
    "voipbin/bin-ai-manager": "sha256:cd3f8a69b3f18135e60dd2b16b3b3fd9c4b293e3b51a989f178880ab2fbb5956",
    "voipbin/bin-api-manager": "sha256:587aac44bd298bc65d5c277027cf7748ffbcdd24ed9b9cd15c0e62e1db94d413",
    "voipbin/bin-billing-manager": "sha256:61d0673623ef0c8cabab13d4af76df12313f5992f8668b35d02bdc4ad115d55b",
    "voipbin/bin-call-manager": "sha256:57aca652d1332b1aac7e0fd729c1cbf327a027f2a19e5795defffd2200ae1953",
    "voipbin/bin-campaign-manager": "sha256:199de72322350b75b71fc1d7187b2dc0974a9e45d32120ba3d8c29af136cb825",
    "voipbin/bin-conference-manager": "sha256:2346cf885f5a3a3950c00bba35992adf48115d5052994b939a5492156297e1ac",
    "voipbin/bin-contact-manager": "sha256:7e81275b1c5e52ee722aeb27478759c5894d7aa0ec529670da661ab16ddc5405",
    "voipbin/bin-conversation-manager": "sha256:11a395970da11a563d04176ea3b7ce0005d8ee5edcff9f0d37e36d5675c6efb8",
    "voipbin/bin-customer-manager": "sha256:0f3e877b128d252280707c8c25c4d847dfcf7f36a753cf2827ce08dc874be965",
    "voipbin/bin-email-manager": "sha256:c70969931a6ca8d456b6a9a08a7fd74d1bfb0476b6643172d55926ee2f93d65e",
    "voipbin/bin-flow-manager": "sha256:f70fdf27d19d10215058ee6614f6fb2aaf324919a7af73945891cf92e53ba132",
    "voipbin/bin-hook-manager": "sha256:8031714d6557a3055473a9da3087e617841d8a47272fb143077dca387b50ef7e",
    "voipbin/bin-message-manager": "sha256:e27e0458b7895f6f5144d7ff197bf6996024ed41ca42b8f8caabe99b7f5420e4",
    "voipbin/bin-number-manager": "sha256:43a9767443696841c8e0b3770ebdfa253ade1eaabb449217b06492a681a59e11",
    "voipbin/bin-outdial-manager": "sha256:372878a9d04a86e90d8a91f343861d9b7473cf723328e524ec325e25f49edf99",
    "voipbin/bin-pipecat-manager": "sha256:53598e8189d37a09756c7e376625f0940e0c9958d4ac1bfc39245651192c8af1",
    "voipbin/bin-queue-manager": "sha256:b324f52e59c2de8bab298d2c4223baf681c63036bb69e5f6083a7a58ebaf44e7",
    "voipbin/bin-rag-manager": "sha256:55c5c189f6a5f7cb4b4afb81e8cf695d1b49a6f1045de2c55fedf7b9fe7788ae",
    "voipbin/bin-registrar-manager": "sha256:310b19f3c0262a0f12ce4f48c07fecad3e6b598ce9604d7369823dce753fea46",
    "voipbin/bin-route-manager": "sha256:e832bb3e44de354717faa433fad0297d18451b3ed197788ce9b91b90fa90a14c",
    "voipbin/bin-sentinel-manager": "sha256:2102bbd08ea865d2fb601ca5552021a0c2c0eaaa323f63391e03f797dc2883f7",
    "voipbin/bin-storage-manager": "sha256:eb7c22d70f6f6b8edf5f0ba47ae36f862c0cec0124c0b72f8da67509ebfebffb",
    "voipbin/bin-tag-manager": "sha256:f8815abc77a8a9b26f3a00f571a1f4ebe55d13010e9115c943992f29dababfbf",
    "voipbin/bin-talk-manager": "sha256:b0a8aec2a891856371a3c9e49880285bb41098b6ba16fd7544591a107cd7e750",
    "voipbin/bin-timeline-manager": "sha256:262870fffefcba8e8ff930a88403fadc42d77657ea757565d5cf8bb5478461eb",
    "voipbin/bin-transcribe-manager": "sha256:570d842dbcfb425a058d0ea6bab14b8171718df9b23470ef4b3a7f0b95c67f99",
    "voipbin/bin-transfer-manager": "sha256:e20de2d414622bc39ded50ba5e15f6854b87469f0467ef8862dfb9f8a8435ae3",
    "voipbin/bin-tts-manager": "sha256:ba0b7c9516ac2d24a3d904341bcc2ad30cc7f8cce85c3269e817c892d8e3304e",
    "voipbin/bin-webhook-manager": "sha256:cfe75e29b7d82bc43c81883401ca545e053efbd680ca51a9e74328ae26ac7c45",
    "voipbin/square-admin": "sha256:7d669682dee77925f765d4171332b58a5d1ce8d8c3633b46069556222f1f4eed",
    "voipbin/square-meet": "sha256:56ccd44d7cabc0c02724d17b39c2bc2c9e8e5fd1dd94365076ee8247821d6c8c",
    "voipbin/square-talk": "sha256:e3f7f6be89a02576b50093ce7ca1c8d0730626bae717e0c943af82794991a252",
    "voipbin/voip-asterisk-call": "sha256:b32ac7a4f52381b13906d3e60f1acd32b52ef709bcb701452418b9f68d52c8f1",
    "voipbin/voip-asterisk-conference": "sha256:9373e55da26ae4da02250543e94a5d1918e3cc7bda197c98ed712c21919a6780",
    "voipbin/voip-asterisk-proxy": "sha256:508203623d0fd29e118b62afcecbdf6e49156882c5ef7fc9b9ff38b3dd7619e0",
    "voipbin/voip-asterisk-registrar": "sha256:8e008c0704c9eee46e2675e69cbc9766fd1f5bdaebd58ecd029a2a135ea42466",
    "voipbin/voip-kamailio": "sha256:68657d319fa71169e0709f9712467a6916f76c02be7f5c10028737fc78fcee93",
    "voipbin/voip-rtpengine": "sha256:795adc2c6232af184267e6d4fc21ce87c32c285333a27273885ebe4a32c508de"
  },
  "image_source_tags": {
    "voipbin/bin-agent-manager": "0ce70d7d3a0df3c49af817d6c2c14e6a9b2f7f9b",
    "voipbin/bin-ai-manager": "be435a157f5ac87dcd4c1808d0739b007ac6014c",
    "voipbin/bin-api-manager": "15a662479b205c022a7badaa433cd5861111f16d",
    "voipbin/bin-billing-manager": "be435a157f5ac87dcd4c1808d0739b007ac6014c",
    "voipbin/bin-call-manager": "53b185174e431a41c1cead2271a6425e67f067c7",
    "voipbin/bin-campaign-manager": "be435a157f5ac87dcd4c1808d0739b007ac6014c",
    "voipbin/bin-conference-manager": "be435a157f5ac87dcd4c1808d0739b007ac6014c",
    "voipbin/bin-contact-manager": "be435a157f5ac87dcd4c1808d0739b007ac6014c",
    "voipbin/bin-conversation-manager": "be435a157f5ac87dcd4c1808d0739b007ac6014c",
    "voipbin/bin-customer-manager": "be435a157f5ac87dcd4c1808d0739b007ac6014c",
    "voipbin/bin-email-manager": "be435a157f5ac87dcd4c1808d0739b007ac6014c",
    "voipbin/bin-flow-manager": "be435a157f5ac87dcd4c1808d0739b007ac6014c",
    "voipbin/bin-hook-manager": "be435a157f5ac87dcd4c1808d0739b007ac6014c",
    "voipbin/bin-message-manager": "be435a157f5ac87dcd4c1808d0739b007ac6014c",
    "voipbin/bin-number-manager": "23287f9dee30a436525c17e43c75b2b99ea2f696",
    "voipbin/bin-outdial-manager": "be435a157f5ac87dcd4c1808d0739b007ac6014c",
    "voipbin/bin-pipecat-manager": "be435a157f5ac87dcd4c1808d0739b007ac6014c",
    "voipbin/bin-queue-manager": "be435a157f5ac87dcd4c1808d0739b007ac6014c",
    "voipbin/bin-rag-manager": "be435a157f5ac87dcd4c1808d0739b007ac6014c",
    "voipbin/bin-registrar-manager": "be435a157f5ac87dcd4c1808d0739b007ac6014c",
    "voipbin/bin-route-manager": "be435a157f5ac87dcd4c1808d0739b007ac6014c",
    "voipbin/bin-sentinel-manager": "be435a157f5ac87dcd4c1808d0739b007ac6014c",
    "voipbin/bin-storage-manager": "be435a157f5ac87dcd4c1808d0739b007ac6014c",
    "voipbin/bin-tag-manager": "be435a157f5ac87dcd4c1808d0739b007ac6014c",
    "voipbin/bin-talk-manager": "be435a157f5ac87dcd4c1808d0739b007ac6014c",
    "voipbin/bin-timeline-manager": "be435a157f5ac87dcd4c1808d0739b007ac6014c",
    "voipbin/bin-transcribe-manager": "39099aee3377df37e449de1238d517d3d8474289",
    "voipbin/bin-transfer-manager": "be435a157f5ac87dcd4c1808d0739b007ac6014c",
    "voipbin/bin-tts-manager": "878ca49a4ecc153e9d264ee6727439e3dbeb73d8",
    "voipbin/bin-webhook-manager": "be435a157f5ac87dcd4c1808d0739b007ac6014c",
    "voipbin/square-admin": "fc883fd9d4dd033997ff6217fd72624ee734e5c2",
    "voipbin/square-meet": "8f15d5b48f47aa3f3e491a6ee044e0543c1874d0",
    "voipbin/square-talk": "2825980a9efe9d5598dcfd434c29ed2f0f8a3e20",
    "voipbin/voip-asterisk-call": "3f3e54bf6b6a99ff7a8f1e6beb8992cf7560a548",
    "voipbin/voip-asterisk-conference": "3f3e54bf6b6a99ff7a8f1e6beb8992cf7560a548",
    "voipbin/voip-asterisk-proxy": "be435a157f5ac87dcd4c1808d0739b007ac6014c",
    "voipbin/voip-asterisk-registrar": "3f3e54bf6b6a99ff7a8f1e6beb8992cf7560a548",
    "voipbin/voip-kamailio": "8119b7a99acda936fe515ac8e729fa35f343abce",
    "voipbin/voip-rtpengine": "f585f6a3639fcd47a32c81c6bb891764c978ab74"
  },
  "note_separate_repos": [
    "square-*",
    "voip-* (asterisk/kamailio/rtpengine) are built from separate repos; pinned by timestamp proximity to 2026-02-20, not monorepo ancestry"
  ]
}